
Microsoft Visual Studio Solution File, Format Version 12.00
# Visual Studio Version 16
VisualStudioVersion = 16.0.29519.87
MinimumVisualStudioVersion = 10.0.40219.1
Project("{FAE04EC0-301F-11D3-BF4B-00C04F79EFBC}") = "UWP_ObservableCollection", "UWP_ObservableCollection\UWP_ObservableCollection.csproj", "{1F120170-F712-4B73-B692-9458DC372EBE}"
EndProject
Global
	GlobalSection(SolutionConfigurationPlatforms) = preSolution
		Debug|ARM = Debug|ARM
		Debug|ARM64 = Debug|ARM64
		Debug|x64 = Debug|x64
		Debug|x86 = Debug|x86
		Release|ARM = Release|ARM
		Release|ARM64 = Release|ARM64
		Release|x64 = Release|x64
		Release|x86 = Release|x86
	EndGlobalSection
	GlobalSection(ProjectConfigurationPlatforms) = postSolution
		{1F120170-F712-4B73-B692-9458DC372EBE}.Debug|ARM.ActiveCfg = Debug|ARM
		{1F120170-F712-4B73-B692-9458DC372EBE}.Debug|ARM.Build.0 = Debug|ARM
		{1F120170-F712-4B73-B692-9458DC372EBE}.Debug|ARM.Deploy.0 = Debug|ARM
		{1F120170-F712-4B73-B692-9458DC372EBE}.Debug|ARM64.ActiveCfg = Debug|ARM64
		{1F120170-F712-4B73-B692-9458DC372EBE}.Debug|ARM64.Build.0 = Debug|ARM64
		{1F120170-F712-4B73-B692-9458DC372EBE}.Debug|ARM64.Deploy.0 = Debug|ARM64
		{1F120170-F712-4B73-B692-9458DC372EBE}.Debug|x64.ActiveCfg = Debug|x64
		{1F120170-F712-4B73-B692-9458DC372EBE}.Debug|x64.Build.0 = Debug|x64
		{1F120170-F712-4B73-B692-9458DC372EBE}.Debug|x64.Deploy.0 = Debug|x64
		{1F120170-F712-4B73-B692-9458DC372EBE}.Debug|x86.ActiveCfg = Debug|x86
		{1F120170-F712-4B73-B692-9458DC372EBE}.Debug|x86.Build.0 = Debug|x86
		{1F120170-F712-4B73-B692-9458DC372EBE}.Debug|x86.Deploy.0 = Debug|x86
		{1F120170-F712-4B73-B692-9458DC372EBE}.Release|ARM.ActiveCfg = Release|ARM
		{1F120170-F712-4B73-B692-9458DC372EBE}.Release|ARM.Build.0 = Release|ARM
		{1F120170-F712-4B73-B692-9458DC372EBE}.Release|ARM.Deploy.0 = Release|ARM
		{1F120170-F712-4B73-B692-9458DC372EBE}.Release|ARM64.ActiveCfg = Release|ARM64
		{1F120170-F712-4B73-B692-9458DC372EBE}.Release|ARM64.Build.0 = Release|ARM64
		{1F120170-F712-4B73-B692-9458DC372EBE}.Release|ARM64.Deploy.0 = Release|ARM64
		{1F120170-F712-4B73-B692-9458DC372EBE}.Release|x64.ActiveCfg = Release|x64
		{1F120170-F712-4B73-B692-9458DC372EBE}.Release|x64.Build.0 = Release|x64
		{1F120170-F712-4B73-B692-9458DC372EBE}.Release|x64.Deploy.0 = Release|x64
		{1F120170-F712-4B73-B692-9458DC372EBE}.Release|x86.ActiveCfg = Release|x86
		{1F120170-F712-4B73-B692-9458DC372EBE}.Release|x86.Build.0 = Release|x86
		{1F120170-F712-4B73-B692-9458DC372EBE}.Release|x86.Deploy.0 = Release|x86
	EndGlobalSection
	GlobalSection(SolutionProperties) = preSolution
		HideSolutionNode = FALSE
	EndGlobalSection
	GlobalSection(ExtensibilityGlobals) = postSolution
		SolutionGuid = {73049A10-2BA0-4D7C-A485-6038B1604374}
	EndGlobalSection
EndGlobal
